# This file is @generated by PDM.
# It is not intended for manual editing.

[metadata]
groups = ["default"]
cross_platform = true
static_urls = false
lock_version = "4.3"
content_hash = "sha256:33ef04e0f229ed395bc2e509f6966d18d1e1993a5bb47262703ce9cfc6e1faed"

[[package]]
name = "diskcache"
version = "5.6.1"
requires_python = ">=3"
summary = "Disk Cache -- Disk and file backed persistent cache."
files = [
    {file = "diskcache-5.6.1-py3-none-any.whl", hash = "sha256:558c6a2d5d7c721bb00e40711803d6804850c9f76c426ed81ecc627fe9d2ce2d"},
    {file = "diskcache-5.6.1.tar.gz", hash = "sha256:e4c978532feff5814c4cc00fe1e11e40501985946643d73220d41ee7737c72c3"},
]
